
Microsoft Visual Studio Solution File, Format Version 12.00
Project("{FAE04EC0-301F-11D3-BF4B-00C04F79EFBC}") = "Proxima.Parser", "Proxima.Parser\Proxima.Parser.csproj", "{B1F44D06-BD03-4149-BECF-AEEF7503C8DF}"
EndProject
Project("{FAE04EC0-301F-11D3-BF4B-00C04F79EFBC}") = "Proxima.Parser.Tests", "Proxima.Parser.Tests\Proxima.Parser.Tests.csproj", "{B8C70E36-7ECA-434D-B178-297048BF81CB}"
EndProject
Global
	GlobalSection(SolutionConfigurationPlatforms) = preSolution
		Debug|Any CPU = Debug|Any CPU
		Release|Any CPU = Release|Any CPU
	EndGlobalSection
	GlobalSection(ProjectConfigurationPlatforms) = postSolution
		{B1F44D06-BD03-4149-BECF-AEEF7503C8DF}.Debug|Any CPU.ActiveCfg = Debug|Any CPU
		{B1F44D06-BD03-4149-BECF-AEEF7503C8DF}.Debug|Any CPU.Build.0 = Debug|Any CPU
		{B1F44D06-BD03-4149-BECF-AEEF7503C8DF}.Release|Any CPU.ActiveCfg = Release|Any CPU
		{B1F44D06-BD03-4149-BECF-AEEF7503C8DF}.Release|Any CPU.Build.0 = Release|Any CPU
		{B8C70E36-7ECA-434D-B178-297048BF81CB}.Debug|Any CPU.ActiveCfg = Debug|Any CPU
		{B8C70E36-7ECA-434D-B178-297048BF81CB}.Debug|Any CPU.Build.0 = Debug|Any CPU
		{B8C70E36-7ECA-434D-B178-297048BF81CB}.Release|Any CPU.ActiveCfg = Release|Any CPU
		{B8C70E36-7ECA-434D-B178-297048BF81CB}.Release|Any CPU.Build.0 = Release|Any CPU
	EndGlobalSection
EndGlobal
